
Microsoft Visual Studio Solution File, Format Version 12.00
# Visual Studio Version 17
VisualStudioVersion = 17.4.33205.214
MinimumVisualStudioVersion = 10.0.40219.1
Project("{FAE04EC0-301F-11D3-BF4B-00C04F79EFBC}") = "ProjetoProcura", "ProjetoProcura.csproj", "{BB4FCA2E-E1F9-4D15-B78C-B39AEE8E3782}"
EndProject
Global
	GlobalSection(SolutionConfigurationPlatforms) = preSolution
		Debug|Any CPU = Debug|Any CPU
		Release|Any CPU = Release|Any CPU
	EndGlobalSection
	GlobalSection(ProjectConfigurationPlatforms) = postSolution
		{BB4FCA2E-E1F9-4D15-B78C-B39AEE8E3782}.Debug|Any CPU.ActiveCfg = Debug|Any CPU
		{BB4FCA2E-E1F9-4D15-B78C-B39AEE8E3782}.Debug|Any CPU.Build.0 = Debug|Any CPU
		{BB4FCA2E-E1F9-4D15-B78C-B39AEE8E3782}.Release|Any CPU.ActiveCfg = Release|Any CPU
		{BB4FCA2E-E1F9-4D15-B78C-B39AEE8E3782}.Release|Any CPU.Build.0 = Release|Any CPU
	EndGlobalSection
	GlobalSection(SolutionProperties) = preSolution
		HideSolutionNode = FALSE
	EndGlobalSection
	GlobalSection(ExtensibilityGlobals) = postSolution
		SolutionGuid = {E6790343-9E83-4E32-9887-67A051AF856D}
	EndGlobalSection
EndGlobal
